
Microsoft Visual Studio Solution File, Format Version 12.00
# Visual Studio Version 16
VisualStudioVersion = 16.0.31424.327
MinimumVisualStudioVersion = 10.0.40219.1
Project("{FAE04EC0-301F-11D3-BF4B-00C04F79EFBC}") = "Juego de películas", "Juego de películas\Juego de películas.csproj", "{D60D4ECE-CD89-48E4-8D52-B191B9D12FD6}"
EndProject
Global
	GlobalSection(SolutionConfigurationPlatforms) = preSolution
		Debug|Any CPU = Debug|Any CPU
		Release|Any CPU = Release|Any CPU
	EndGlobalSection
	GlobalSection(ProjectConfigurationPlatforms) = postSolution
		{D60D4ECE-CD89-48E4-8D52-B191B9D12FD6}.Debug|Any CPU.ActiveCfg = Debug|Any CPU
		{D60D4ECE-CD89-48E4-8D52-B191B9D12FD6}.Debug|Any CPU.Build.0 = Debug|Any CPU
		{D60D4ECE-CD89-48E4-8D52-B191B9D12FD6}.Release|Any CPU.ActiveCfg = Release|Any CPU
		{D60D4ECE-CD89-48E4-8D52-B191B9D12FD6}.Release|Any CPU.Build.0 = Release|Any CPU
	EndGlobalSection
	GlobalSection(SolutionProperties) = preSolution
		HideSolutionNode = FALSE
	EndGlobalSection
	GlobalSection(ExtensibilityGlobals) = postSolution
		SolutionGuid = {EF0A9B87-38ED-472B-B2C7-197416F36CA9}
	EndGlobalSection
EndGlobal
